
Microsoft Visual Studio Solution File, Format Version 12.00
# Visual Studio Version 16
VisualStudioVersion = 16.0.31019.35
MinimumVisualStudioVersion = 10.0.40219.1
Project("{FAE04EC0-301F-11D3-BF4B-00C04F79EFBC}") = "WallSeleniumTests", "WallSeleniumTests\WallSeleniumTests.csproj", "{B2FC161C-A101-406F-837C-01AAC6E8EC9C}"
EndProject
Global
	GlobalSection(SolutionConfigurationPlatforms) = preSolution
		Debug|Any CPU = Debug|Any CPU
		Release|Any CPU = Release|Any CPU
	EndGlobalSection
	GlobalSection(ProjectConfigurationPlatforms) = postSolution
		{B2FC161C-A101-406F-837C-01AAC6E8EC9C}.Debug|Any CPU.ActiveCfg = Debug|Any CPU
		{B2FC161C-A101-406F-837C-01AAC6E8EC9C}.Debug|Any CPU.Build.0 = Debug|Any CPU
		{B2FC161C-A101-406F-837C-01AAC6E8EC9C}.Release|Any CPU.ActiveCfg = Release|Any CPU
		{B2FC161C-A101-406F-837C-01AAC6E8EC9C}.Release|Any CPU.Build.0 = Release|Any CPU
	EndGlobalSection
	GlobalSection(SolutionProperties) = preSolution
		HideSolutionNode = FALSE
	EndGlobalSection
	GlobalSection(ExtensibilityGlobals) = postSolution
		SolutionGuid = {0C92DCF6-802F-4AE7-A8DA-FB42C4DFD33A}
	EndGlobalSection
EndGlobal
